// !$*UTF8*$!
{
	archiveVersion = 1;
	classes = {
	};
	objectVersion = 50;
	objects = {

/* Begin PBXBuildFile section */
		F9EDBFB726FC456800F04DFA /* AppDelegate.swift in Sources */ = {isa = PBXBuildFile; fileRef = F9EDBFB626FC456800F04DFA /* AppDelegate.swift */; };
		F9EDBFB926FC456800F04DFA /* SceneDelegate.swift in Sources */ = {isa = PBXBuildFile; fileRef = F9EDBFB826FC456800F04DFA /* SceneDelegate.swift */; };
		F9EDBFBB26FC456800F04DFA /* ViewController.swift in Sources */ = {isa = PBXBuildFile; fileRef = F9EDBFBA26FC456800F04DFA /* ViewController.swift */; };
		F9EDBFBE26FC456800F04DFA /* Main.storyboard in Resources */ = {isa = PBXBuildFile; fileRef = F9EDBFBC26FC456800F04DFA /* Main.storyboard */; };
		F9EDBFC026FC456900F04DFA /* Assets.xcassets in Resources */ = {isa = PBXBuildFile; fileRef = F9EDBFBF26FC456900F04DFA /* Assets.xcassets */; };
		F9EDBFC326FC456900F04DFA /* LaunchScreen.storyboard in Resources */ = {isa = PBXBuildFile; fileRef = F9EDBFC126FC456900F04DFA /* LaunchScreen.storyboard */; };
		F9EDBFCB26FC493F00F04DFA /* Page1.storyboard in Resources */ = {isa = PBXBuildFile; fileRef = F9EDBFCA26FC493F00F04DFA /* Page1.storyboard */; };
		F9EDBFCD26FC496300F04DFA /* Page2.storyboard in Resources */ = {isa = PBXBuildFile; fileRef = F9EDBFCC26FC496300F04DFA /* Page2.storyboard */; };
		F9EDBFCF26FC497300F04DFA /* Page3.storyboard in Resources */ = {isa = PBXBuildFile; fileRef = F9EDBFCE26FC497300F04DFA /* Page3.storyboard */; };
		F9EDBFD426FC542700F04DFA /* Page1ViewController.swift in Sources */ = {isa = PBXBuildFile; fileRef = F9EDBFD326FC542700F04DFA /* Page1ViewController.swift */; };
		F9EDBFD626FC544900F04DFA /* Page2ViewController.swift in Sources */ = {isa = PBXBuildFile; fileRef = F9EDBFD526FC544900F04DFA /* Page2ViewController.swift */; };
		F9EDBFD826FC545600F04DFA /* Page3ViewController.swift in Sources */ = {isa = PBXBuildFile; fileRef = F9EDBFD726FC545600F04DFA /* Page3ViewController.swift */; };
		F9EDBFDF26FC7F2A00F04DFA /* MovieCollectionViewCell.swift in Sources */ = {isa = PBXBuildFile; fileRef = F9EDBFDD26FC7F2A00F04DFA /* MovieCollectionViewCell.swift */; };
		F9EDBFE026FC7F2A00F04DFA /* MovieCollectionViewCell.xib in Resources */ = {isa = PBXBuildFile; fileRef = F9EDBFDE26FC7F2A00F04DFA /* MovieCollectionViewCell.xib */; };
		F9EDBFE426FCED2700F04DFA /* CONTENTLISTINGPAGE-PAGE1.json in Resources */ = {isa = PBXBuildFile; fileRef = F9EDBFE126FCED2700F04DFA /* CONTENTLISTINGPAGE-PAGE1.json */; };
		F9EDBFE526FCED2700F04DFA /* CONTENTLISTINGPAGE-PAGE3.json in Resources */ = {isa = PBXBuildFile; fileRef = F9EDBFE226FCED2700F04DFA /* CONTENTLISTINGPAGE-PAGE3.json */; };
		F9EDBFE626FCED2700F04DFA /* CONTENTLISTINGPAGE-PAGE2.json in Resources */ = {isa = PBXBuildFile; fileRef = F9EDBFE326FCED2700F04DFA /* CONTENTLISTINGPAGE-PAGE2.json */; };
		F9EDBFE826FCEDF800F04DFA /* CollectionViewCellModel.swift in Sources */ = {isa = PBXBuildFile; fileRef = F9EDBFE726FCEDF800F04DFA /* CollectionViewCellModel.swift */; };
/* End PBXBuildFile section */

/* Begin PBXFileReference section */
		F9EDBFB326FC456800F04DFA /* DemoMovieListingApp.app */ = {isa = PBXFileReference; explicitFileType = wrapper.application; includeInIndex = 0; path = DemoMovieListingApp.app; sourceTree = BUILT_PRODUCTS_DIR; };
		F9EDBFB626FC456800F04DFA /* AppDelegate.swift */ = {isa = PBXFileReference; lastKnownFileType = sourcecode.swift; path = AppDelegate.swift; sourceTree = "<group>"; };
		F9EDBFB826FC456800F04DFA /* SceneDelegate.swift */ = {isa = PBXFileReference; lastKnownFileType = sourcecode.swift; path = SceneDelegate.swift; sourceTree = "<group>"; };
		F9EDBFBA26FC456800F04DFA /* ViewController.swift */ = {isa = PBXFileReference; lastKnownFileType = sourcecode.swift; path = ViewController.swift; sourceTree = "<group>"; };
		F9EDBFBD26FC456800F04DFA /* Base */ = {isa = PBXFileReference; lastKnownFileType = file.storyboard; name = Base; path = Base.lproj/Main.storyboard; sourceTree = "<group>"; };
		F9EDBFBF26FC456900F04DFA /* Assets.xcassets */ = {isa = PBXFileReference; lastKnownFileType = folder.assetcatalog; path = Assets.xcassets; sourceTree = "<group>"; };
		F9EDBFC226FC456900F04DFA /* Base */ = {isa = PBXFileReference; lastKnownFileType = file.storyboard; name = Base; path = Base.lproj/LaunchScreen.storyboard; sourceTree = "<group>"; };
		F9EDBFC426FC456900F04DFA /* Info.plist */ = {isa = PBXFileReference; lastKnownFileType = text.plist.xml; path = Info.plist; sourceTree = "<group>"; };
		F9EDBFCA26FC493F00F04DFA /* Page1.storyboard */ = {isa = PBXFileReference; lastKnownFileType = file.storyboard; path = Page1.storyboard; sourceTree = "<group>"; };
		F9EDBFCC26FC496300F04DFA /* Page2.storyboard */ = {isa = PBXFileReference; lastKnownFileType = file.storyboard; path = Page2.storyboard; sourceTree = "<group>"; };
		F9EDBFCE26FC497300F04DFA /* Page3.storyboard */ = {isa = PBXFileReference; lastKnownFileType = file.storyboard; path = Page3.storyboard; sourceTree = "<group>"; };
		F9EDBFD326FC542700F04DFA /* Page1ViewController.swift */ = {isa = PBXFileReference; lastKnownFileType = sourcecode.swift; path = Page1ViewController.swift; sourceTree = "<group>"; };
		F9EDBFD526FC544900F04DFA /* Page2ViewController.swift */ = {isa = PBXFileReference; lastKnownFileType = sourcecode.swift; path = Page2ViewController.swift; sourceTree = "<group>"; };
		F9EDBFD726FC545600F04DFA /* Page3ViewController.swift */ = {isa = PBXFileReference; lastKnownFileType = sourcecode.swift; path = Page3ViewController.swift; sourceTree = "<group>"; };
		F9EDBFDD26FC7F2A00F04DFA /* MovieCollectionViewCell.swift */ = {isa = PBXFileReference; lastKnownFileType = sourcecode.swift; path = MovieCollectionViewCell.swift; sourceTree = "<group>"; };
		F9EDBFDE26FC7F2A00F04DFA /* MovieCollectionViewCell.xib */ = {isa = PBXFileReference; lastKnownFileType = file.xib; path = MovieCollectionViewCell.xib; sourceTree = "<group>"; };
		F9EDBFE126FCED2700F04DFA /* CONTENTLISTINGPAGE-PAGE1.json */ = {isa = PBXFileReference; fileEncoding = 4; lastKnownFileType = text.json; path = "CONTENTLISTINGPAGE-PAGE1.json"; sourceTree = "<group>"; };
		F9EDBFE226FCED2700F04DFA /* CONTENTLISTINGPAGE-PAGE3.json */ = {isa = PBXFileReference; fileEncoding = 4; lastKnownFileType = text.json; path = "CONTENTLISTINGPAGE-PAGE3.json"; sourceTree = "<group>"; };
		F9EDBFE326FCED2700F04DFA /* CONTENTLISTINGPAGE-PAGE2.json */ = {isa = PBXFileReference; fileEncoding = 4; lastKnownFileType = text.json; path = "CONTENTLISTINGPAGE-PAGE2.json"; sourceTree = "<group>"; };
		F9EDBFE726FCEDF800F04DFA /* CollectionViewCellModel.swift */ = {isa = PBXFileReference; lastKnownFileType = sourcecode.swift; path = CollectionViewCellModel.swift; sourceTree = "<group>"; };
/* End PBXFileReference section */

/* Begin PBXFrameworksBuildPhase section */
		F9EDBFB026FC456800F04DFA /* Frameworks */ = {
			isa = PBXFrameworksBuildPhase;
			buildActionMask = 2147483647;
			files = (
			);
			runOnlyForDeploymentPostprocessing = 0;
		};
/* End PBXFrameworksBuildPhase section */

/* Begin PBXGroup section */
		F9EDBFAA26FC456800F04DFA = {
			isa = PBXGroup;
			children = (
				F9EDBFB526FC456800F04DFA /* DemoMovieListingApp */,
				F9EDBFB426FC456800F04DFA /* Products */,
			);
			sourceTree = "<group>";
		};
		F9EDBFB426FC456800F04DFA /* Products */ = {
			isa = PBXGroup;
			children = (
				F9EDBFB326FC456800F04DFA /* DemoMovieListingApp.app */,
			);
			name = Products;
			sourceTree = "<group>";
		};
		F9EDBFB526FC456800F04DFA /* DemoMovieListingApp */ = {
			isa = PBXGroup;
			children = (
				F9EDBFD226FC4A2D00F04DFA /* Model */,
				F9EDBFD126FC4A2000F04DFA /* ViewModel */,
				F9EDBFD026FC49BC00F04DFA /* View */,
				F9EDBFB626FC456800F04DFA /* AppDelegate.swift */,
				F9EDBFB826FC456800F04DFA /* SceneDelegate.swift */,
				F9EDBFBF26FC456900F04DFA /* Assets.xcassets */,
				F9EDBFC126FC456900F04DFA /* LaunchScreen.storyboard */,
				F9EDBFC426FC456900F04DFA /* Info.plist */,
			);
			path = DemoMovieListingApp;
			sourceTree = "<group>";
		};
		F9EDBFD026FC49BC00F04DFA /* View */ = {
			isa = PBXGroup;
			children = (
				F9EDBFBC26FC456800F04DFA /* Main.storyboard */,
				F9EDBFCA26FC493F00F04DFA /* Page1.storyboard */,
				F9EDBFCC26FC496300F04DFA /* Page2.storyboard */,
				F9EDBFCE26FC497300F04DFA /* Page3.storyboard */,
			);
			name = View;
			sourceTree = "<group>";
		};
		F9EDBFD126FC4A2000F04DFA /* ViewModel */ = {
			isa = PBXGroup;
			children = (
				F9EDBFBA26FC456800F04DFA /* ViewController.swift */,
				F9EDBFD326FC542700F04DFA /* Page1ViewController.swift */,
				F9EDBFD526FC544900F04DFA /* Page2ViewController.swift */,
				F9EDBFD726FC545600F04DFA /* Page3ViewController.swift */,
				F9EDBFDD26FC7F2A00F04DFA /* MovieCollectionViewCell.swift */,
				F9EDBFDE26FC7F2A00F04DFA /* MovieCollectionViewCell.xib */,
			);
			path = ViewModel;
			sourceTree = "<group>";
		};
		F9EDBFD226FC4A2D00F04DFA /* Model */ = {
			isa = PBXGroup;
			children = (
				F9EDBFE126FCED2700F04DFA /* CONTENTLISTINGPAGE-PAGE1.json */,
				F9EDBFE326FCED2700F04DFA /* CONTENTLISTINGPAGE-PAGE2.json */,
				F9EDBFE226FCED2700F04DFA /* CONTENTLISTINGPAGE-PAGE3.json */,
				F9EDBFE726FCEDF800F04DFA /* CollectionViewCellModel.swift */,
			);
			name = Model;
			sourceTree = "<group>";
		};
/* End PBXGroup section */

/* Begin PBXNativeTarget section */
		F9EDBFB226FC456800F04DFA /* DemoMovieListingApp */ = {
			isa = PBXNativeTarget;
			buildConfigurationList = F9EDBFC726FC456900F04DFA /* Build configuration list for PBXNativeTarget "DemoMovieListingApp" */;
			buildPhases = (
				F9EDBFAF26FC456800F04DFA /* Sources */,
				F9EDBFB026FC456800F04DFA /* Frameworks */,
				F9EDBFB126FC456800F04DFA /* Resources */,
			);
			buildRules = (
			);
			dependencies = (
			);
			name = DemoMovieListingApp;
			productName = DemoMovieListingApp;
			productReference = F9EDBFB326FC456800F04DFA /* DemoMovieListingApp.app */;
			productType = "com.apple.product-type.application";
		};
/* End PBXNativeTarget section */

/* Begin PBXProject section */
		F9EDBFAB26FC456800F04DFA /* Project object */ = {
			isa = PBXProject;
			attributes = {
				LastSwiftUpdateCheck = 1250;
				LastUpgradeCheck = 1250;
				TargetAttributes = {
					F9EDBFB226FC456800F04DFA = {
						CreatedOnToolsVersion = 12.5.1;
					};
				};
			};
			buildConfigurationList = F9EDBFAE26FC456800F04DFA /* Build configuration list for PBXProject "DemoMovieListingApp" */;
			compatibilityVersion = "Xcode 9.3";
			developmentRegion = en;
			hasScannedForEncodings = 0;
			knownRegions = (
				en,
				Base,
			);
			mainGroup = F9EDBFAA26FC456800F04DFA;
			productRefGroup = F9EDBFB426FC456800F04DFA /* Products */;
			projectDirPath = "";
			projectRoot = "";
			targets = (
				F9EDBFB226FC456800F04DFA /* DemoMovieListingApp */,
			);
		};
/* End PBXProject section */

/* Begin PBXResourcesBuildPhase section */
		F9EDBFB126FC456800F04DFA /* Resources */ = {
			isa = PBXResourcesBuildPhase;
			buildActionMask = 2147483647;
			files = (
				F9EDBFCD26FC496300F04DFA /* Page2.storyboard in Resources */,
				F9EDBFCF26FC497300F04DFA /* Page3.storyboard in Resources */,
				F9EDBFE526FCED2700F04DFA /* CONTENTLISTINGPAGE-PAGE3.json in Resources */,
				F9EDBFE426FCED2700F04DFA /* CONTENTLISTINGPAGE-PAGE1.json in Resources */,
				F9EDBFC326FC456900F04DFA /* LaunchScreen.storyboard in Resources */,
				F9EDBFCB26FC493F00F04DFA /* Page1.storyboard in Resources */,
				F9EDBFC026FC456900F04DFA /* Assets.xcassets in Resources */,
				F9EDBFE626FCED2700F04DFA /* CONTENTLISTINGPAGE-PAGE2.json in Resources */,
				F9EDBFBE26FC456800F04DFA /* Main.storyboard in Resources */,
				F9EDBFE026FC7F2A00F04DFA /* MovieCollectionViewCell.xib in Resources */,
			);
			runOnlyForDeploymentPostprocessing = 0;
		};
/* End PBXResourcesBuildPhase section */

/* Begin PBXSourcesBuildPhase section */
		F9EDBFAF26FC456800F04DFA /* Sources */ = {
			isa = PBXSourcesBuildPhase;
			buildActionMask = 2147483647;
			files = (
				F9EDBFE826FCEDF800F04DFA /* CollectionViewCellModel.swift in Sources */,
				F9EDBFD626FC544900F04DFA /* Page2ViewController.swift in Sources */,
				F9EDBFD826FC545600F04DFA /* Page3ViewController.swift in Sources */,
				F9EDBFBB26FC456800F04DFA /* ViewController.swift in Sources */,
				F9EDBFD426FC542700F04DFA /* Page1ViewController.swift in Sources */,
				F9EDBFDF26FC7F2A00F04DFA /* MovieCollectionViewCell.swift in Sources */,
				F9EDBFB726FC456800F04DFA /* AppDelegate.swift in Sources */,
				F9EDBFB926FC456800F04DFA /* SceneDelegate.swift in Sources */,
			);
			runOnlyForDeploymentPostprocessing = 0;
		};
/* End PBXSourcesBuildPhase section */

/* Begin PBXVariantGroup section */
		F9EDBFBC26FC456800F04DFA /* Main.storyboard */ = {
			isa = PBXVariantGroup;
			children = (
				F9EDBFBD26FC456800F04DFA /* Base */,
			);
			name = Main.storyboard;
			sourceTree = "<group>";
		};
		F9EDBFC126FC456900F04DFA /* LaunchScreen.storyboard */ = {
			isa = PBXVariantGroup;
			children = (
				F9EDBFC226FC456900F04DFA /* Base */,
			);
			name = LaunchScreen.storyboard;
			sourceTree = "<group>";
		};
/* End PBXVariantGroup section */

/* Begin XCBuildConfiguration section */
		F9EDBFC526FC456900F04DFA /* Debug */ = {
			isa = XCBuildConfiguration;
			buildSettings = {
				ALWAYS_SEARCH_USER_PATHS = NO;
				CLANG_ANALYZER_NONNULL = YES;
				CLANG_ANALYZER_NUMBER_OBJECT_CONVERSION = YES_AGGRESSIVE;
				CLANG_CXX_LANGUAGE_STANDARD = "gnu++14";
				CLANG_CXX_LIBRARY = "libc++";
				CLANG_ENABLE_MODULES = YES;
				CLANG_ENABLE_OBJC_ARC = YES;
				CLANG_ENABLE_OBJC_WEAK = YES;
				CLANG_WARN_BLOCK_CAPTURE_AUTORELEASING = YES;
				CLANG_WARN_BOOL_CONVERSION = YES;
				CLANG_WARN_COMMA = YES;
				CLANG_WARN_CONSTANT_CONVERSION = YES;
				CLANG_WARN_DEPRECATED_OBJC_IMPLEMENTATIONS = YES;
				CLANG_WARN_DIRECT_OBJC_ISA_USAGE = YES_ERROR;
				CLANG_WARN_DOCUMENTATION_COMMENTS = YES;
				CLANG_WARN_EMPTY_BODY = YES;
				CLANG_WARN_ENUM_CONVERSION = YES;
				CLANG_WARN_INFINITE_RECURSION = YES;
				CLANG_WARN_INT_CONVERSION = YES;
				CLANG_WARN_NON_LITERAL_NULL_CONVERSION = YES;
				CLANG_WARN_OBJC_IMPLICIT_RETAIN_SELF = YES;
				CLANG_WARN_OBJC_LITERAL_CONVERSION = YES;
				CLANG_WARN_OBJC_ROOT_CLASS = YES_ERROR;
				CLANG_WARN_QUOTED_INCLUDE_IN_FRAMEWORK_HEADER = YES;
				CLANG_WARN_RANGE_LOOP_ANALYSIS = YES;
				CLANG_WARN_STRICT_PROTOTYPES = YES;
				CLANG_WARN_SUSPICIOUS_MOVE = YES;
				CLANG_WARN_UNGUARDED_AVAILABILITY = YES_AGGRESSIVE;
				CLANG_WARN_UNREACHABLE_CODE = YES;
				CLANG_WARN__DUPLICATE_METHOD_MATCH = YES;
				COPY_PHASE_STRIP = NO;
				DEBUG_INFORMATION_FORMAT = dwarf;
				ENABLE_STRICT_OBJC_MSGSEND = YES;
				ENABLE_TESTABILITY = YES;
				GCC_C_LANGUAGE_STANDARD = gnu11;
				GCC_DYNAMIC_NO_PIC = NO;
				GCC_NO_COMMON_BLOCKS = YES;
				GCC_OPTIMIZATION_LEVEL = 0;
				GCC_PREPROCESSOR_DEFINITIONS = (
					"DEBUG=1",
					"$(inherited)",
				);
				GCC_WARN_64_TO_32_BIT_CONVERSION = YES;
				GCC_WARN_ABOUT_RETURN_TYPE = YES_ERROR;
				GCC_WARN_UNDECLARED_SELECTOR = YES;
				GCC_WARN_UNINITIALIZED_AUTOS = YES_AGGRESSIVE;
				GCC_WARN_UNUSED_FUNCTION = YES;
				GCC_WARN_UNUSED_VARIABLE = YES;
				IPHONEOS_DEPLOYMENT_TARGET = 14.5;
				MTL_ENABLE_DEBUG_INFO = INCLUDE_SOURCE;
				MTL_FAST_MATH = YES;
				ONLY_ACTIVE_ARCH = YES;
				SDKROOT = iphoneos;
				SWIFT_ACTIVE_COMPILATION_CONDITIONS = DEBUG;
				SWIFT_OPTIMIZATION_LEVEL = "-Onone";
			};
			name = Debug;
		};
		F9EDBFC626FC456900F04DFA /* Release */ = {
			isa = XCBuildConfiguration;
			buildSettings = {
				ALWAYS_SEARCH_USER_PATHS = NO;
				CLANG_ANALYZER_NONNULL = YES;
				CLANG_ANALYZER_NUMBER_OBJECT_CONVERSION = YES_AGGRESSIVE;
				CLANG_CXX_LANGUAGE_STANDARD = "gnu++14";
				CLANG_CXX_LIBRARY = "libc++";
				CLANG_ENABLE_MODULES = YES;
				CLANG_ENABLE_OBJC_ARC = YES;
				CLANG_ENABLE_OBJC_WEAK = YES;
				CLANG_WARN_BLOCK_CAPTURE_AUTORELEASING = YES;
				CLANG_WARN_BOOL_CONVERSION = YES;
				CLANG_WARN_COMMA = YES;
				CLANG_WARN_CONSTANT_CONVERSION = YES;
				CLANG_WARN_DEPRECATED_OBJC_IMPLEMENTATIONS = YES;
				CLANG_WARN_DIRECT_OBJC_ISA_USAGE = YES_ERROR;
				CLANG_WARN_DOCUMENTATION_COMMENTS = YES;
				CLANG_WARN_EMPTY_BODY = YES;
				CLANG_WARN_ENUM_CONVERSION = YES;
				CLANG_WARN_INFINITE_RECURSION = YES;
				CLANG_WARN_INT_CONVERSION = YES;
				CLANG_WARN_NON_LITERAL_NULL_CONVERSION = YES;
				CLANG_WARN_OBJC_IMPLICIT_RETAIN_SELF = YES;
				CLANG_WARN_OBJC_LITERAL_CONVERSION = YES;
				CLANG_WARN_OBJC_ROOT_CLASS = YES_ERROR;
				CLANG_WARN_QUOTED_INCLUDE_IN_FRAMEWORK_HEADER = YES;
				CLANG_WARN_RANGE_LOOP_ANALYSIS = YES;
				CLANG_WARN_STRICT_PROTOTYPES = YES;
				CLANG_WARN_SUSPICIOUS_MOVE = YES;
				CLANG_WARN_UNGUARDED_AVAILABILITY = YES_AGGRESSIVE;
				CLANG_WARN_UNREACHABLE_CODE = YES;
				CLANG_WARN__DUPLICATE_METHOD_MATCH = YES;
				COPY_PHASE_STRIP = NO;
				DEBUG_INFORMATION_FORMAT = "dwarf-with-dsym";
				ENABLE_NS_ASSERTIONS = NO;
				ENABLE_STRICT_OBJC_MSGSEND = YES;
				GCC_C_LANGUAGE_STANDARD = gnu11;
				GCC_NO_COMMON_BLOCKS = YES;
				GCC_WARN_64_TO_32_BIT_CONVERSION = YES;
				GCC_WARN_ABOUT_RETURN_TYPE = YES_ERROR;
				GCC_WARN_UNDECLARED_SELECTOR = YES;
				GCC_WARN_UNINITIALIZED_AUTOS = YES_AGGRESSIVE;
				GCC_WARN_UNUSED_FUNCTION = YES;
				GCC_WARN_UNUSED_VARIABLE = YES;
				IPHONEOS_DEPLOYMENT_TARGET = 14.5;
				MTL_ENABLE_DEBUG_INFO = NO;
				MTL_FAST_MATH = YES;
				SDKROOT = iphoneos;
				SWIFT_COMPILATION_MODE = wholemodule;
				SWIFT_OPTIMIZATION_LEVEL = "-O";
				VALIDATE_PRODUCT = YES;
			};
			name = Release;
		};
		F9EDBFC826FC456900F04DFA /* Debug */ = {
			isa = XCBuildConfiguration;
			buildSettings = {
				ASSETCATALOG_COMPILER_APPICON_NAME = AppIcon;
				ASSETCATALOG_COMPILER_GLOBAL_ACCENT_COLOR_NAME = AccentColor;
				CODE_SIGN_STYLE = Automatic;
				INFOPLIST_FILE = DemoMovieListingApp/Info.plist;
				LD_RUNPATH_SEARCH_PATHS = (
					"$(inherited)",
					"@executable_path/Frameworks",
				);
				PRODUCT_BUNDLE_IDENTIFIER = com.julien.DemoMovieListingApp;
				PRODUCT_NAME = "$(TARGET_NAME)";
				SWIFT_VERSION = 5.0;
				TARGETED_DEVICE_FAMILY = "1,2";
			};
			name = Debug;
		};
		F9EDBFC926FC456900F04DFA /* Release */ = {
			isa = XCBuildConfiguration;
			buildSettings = {
				ASSETCATALOG_COMPILER_APPICON_NAME = AppIcon;
				ASSETCATALOG_COMPILER_GLOBAL_ACCENT_COLOR_NAME = AccentColor;
				CODE_SIGN_STYLE = Automatic;
				INFOPLIST_FILE = DemoMovieListingApp/Info.plist;
				LD_RUNPATH_SEARCH_PATHS = (
					"$(inherited)",
					"@executable_path/Frameworks",
				);
				PRODUCT_BUNDLE_IDENTIFIER = com.julien.DemoMovieListingApp;
				PRODUCT_NAME = "$(TARGET_NAME)";
				SWIFT_VERSION = 5.0;
				TARGETED_DEVICE_FAMILY = "1,2";
			};
			name = Release;
		};
/* End XCBuildConfiguration section */

/* Begin XCConfigurationList section */
		F9EDBFAE26FC456800F04DFA /* Build configuration list for PBXProject "DemoMovieListingApp" */ = {
			isa = XCConfigurationList;
			buildConfigurations = (
				F9EDBFC526FC456900F04DFA /* Debug */,
				F9EDBFC626FC456900F04DFA /* Release */,
			);
			defaultConfigurationIsVisible = 0;
			defaultConfigurationName = Release;
		};
		F9EDBFC726FC456900F04DFA /* Build configuration list for PBXNativeTarget "DemoMovieListingApp" */ = {
			isa = XCConfigurationList;
			buildConfigurations = (
				F9EDBFC826FC456900F04DFA /* Debug */,
				F9EDBFC926FC456900F04DFA /* Release */,
			);
			defaultConfigurationIsVisible = 0;
			defaultConfigurationName = Release;
		};
/* End XCConfigurationList section */
	};
	rootObject = F9EDBFAB26FC456800F04DFA /* Project object */;
}
